// !$*UTF8*$!
{
	archiveVersion = 1;
	classes = {
	};
	objectVersion = 50;
	objects = {

/* Begin PBXBuildFile section */
		900EFED4270600F0006FB291 /* main.swift in Sources */ = {isa = PBXBuildFile; fileRef = 900EFED3270600F0006FB291 /* main.swift */; };
		900EFEDD27062A3C006FB291 /* NewUserController.swift in Sources */ = {isa = PBXBuildFile; fileRef = 900EFEDC27062A3C006FB291 /* NewUserController.swift */; };
		900EFEDF27062A4B006FB291 /* User.swift in Sources */ = {isa = PBXBuildFile; fileRef = 900EFEDE27062A4B006FB291 /* User.swift */; };
		900EFEE12706339F006FB291 /* Account.swift in Sources */ = {isa = PBXBuildFile; fileRef = 900EFEE02706339F006FB291 /* Account.swift */; };
		900EFEEA270793BD006FB291 /* HomeView.swift in Sources */ = {isa = PBXBuildFile; fileRef = 900EFEE9270793BD006FB291 /* HomeView.swift */; };
		900EFEED2707D9FD006FB291 /* HomeViewController.swift in Sources */ = {isa = PBXBuildFile; fileRef = 900EFEEC2707D9FD006FB291 /* HomeViewController.swift */; };
		900EFEEF2707DC2C006FB291 /* NewUserView.swift in Sources */ = {isa = PBXBuildFile; fileRef = 900EFEEE2707DC2C006FB291 /* NewUserView.swift */; };
		90225F102708AA6C003E9E9B /* UserForm.swift in Sources */ = {isa = PBXBuildFile; fileRef = 90225F0F2708AA6C003E9E9B /* UserForm.swift */; };
		90225F122708AAA6003E9E9B /* UserModel.swift in Sources */ = {isa = PBXBuildFile; fileRef = 90225F112708AAA6003E9E9B /* UserModel.swift */; };
		90225F152708BD7D003E9E9B /* LoggedUserMenuView.swift in Sources */ = {isa = PBXBuildFile; fileRef = 90225F142708BD7D003E9E9B /* LoggedUserMenuView.swift */; };
		90678656270A2FBE000A3CAA /* Database.swift in Sources */ = {isa = PBXBuildFile; fileRef = 90678655270A2FBE000A3CAA /* Database.swift */; };
		90678658270A3469000A3CAA /* LoggedUserMenuController.swift in Sources */ = {isa = PBXBuildFile; fileRef = 90678657270A3469000A3CAA /* LoggedUserMenuController.swift */; };
/* End PBXBuildFile section */

/* Begin PBXCopyFilesBuildPhase section */
		900EFECE270600F0006FB291 /* CopyFiles */ = {
			isa = PBXCopyFilesBuildPhase;
			buildActionMask = 2147483647;
			dstPath = /usr/share/man/man1/;
			dstSubfolderSpec = 0;
			files = (
			);
			runOnlyForDeploymentPostprocessing = 1;
		};
/* End PBXCopyFilesBuildPhase section */

/* Begin PBXFileReference section */
		900EFED0270600F0006FB291 /* Projeto-mini-ITI */ = {isa = PBXFileReference; explicitFileType = "compiled.mach-o.executable"; includeInIndex = 0; path = "Projeto-mini-ITI"; sourceTree = BUILT_PRODUCTS_DIR; };
		900EFED3270600F0006FB291 /* main.swift */ = {isa = PBXFileReference; lastKnownFileType = sourcecode.swift; path = main.swift; sourceTree = "<group>"; };
		900EFEDC27062A3C006FB291 /* NewUserController.swift */ = {isa = PBXFileReference; lastKnownFileType = sourcecode.swift; path = NewUserController.swift; sourceTree = "<group>"; };
		900EFEDE27062A4B006FB291 /* User.swift */ = {isa = PBXFileReference; lastKnownFileType = sourcecode.swift; path = User.swift; sourceTree = "<group>"; };
		900EFEE02706339F006FB291 /* Account.swift */ = {isa = PBXFileReference; lastKnownFileType = sourcecode.swift; path = Account.swift; sourceTree = "<group>"; };
		900EFEE9270793BD006FB291 /* HomeView.swift */ = {isa = PBXFileReference; lastKnownFileType = sourcecode.swift; path = HomeView.swift; sourceTree = "<group>"; };
		900EFEEC2707D9FD006FB291 /* HomeViewController.swift */ = {isa = PBXFileReference; lastKnownFileType = sourcecode.swift; path = HomeViewController.swift; sourceTree = "<group>"; };
		900EFEEE2707DC2C006FB291 /* NewUserView.swift */ = {isa = PBXFileReference; lastKnownFileType = sourcecode.swift; path = NewUserView.swift; sourceTree = "<group>"; };
		90225F0F2708AA6C003E9E9B /* UserForm.swift */ = {isa = PBXFileReference; lastKnownFileType = sourcecode.swift; path = UserForm.swift; sourceTree = "<group>"; };
		90225F112708AAA6003E9E9B /* UserModel.swift */ = {isa = PBXFileReference; lastKnownFileType = sourcecode.swift; path = UserModel.swift; sourceTree = "<group>"; };
		90225F142708BD7D003E9E9B /* LoggedUserMenuView.swift */ = {isa = PBXFileReference; lastKnownFileType = sourcecode.swift; path = LoggedUserMenuView.swift; sourceTree = "<group>"; };
		90678655270A2FBE000A3CAA /* Database.swift */ = {isa = PBXFileReference; lastKnownFileType = sourcecode.swift; path = Database.swift; sourceTree = "<group>"; };
		90678657270A3469000A3CAA /* LoggedUserMenuController.swift */ = {isa = PBXFileReference; lastKnownFileType = sourcecode.swift; path = LoggedUserMenuController.swift; sourceTree = "<group>"; };
/* End PBXFileReference section */

/* Begin PBXFrameworksBuildPhase section */
		900EFECD270600F0006FB291 /* Frameworks */ = {
			isa = PBXFrameworksBuildPhase;
			buildActionMask = 2147483647;
			files = (
			);
			runOnlyForDeploymentPostprocessing = 0;
		};
/* End PBXFrameworksBuildPhase section */

/* Begin PBXGroup section */
		900EFEC7270600F0006FB291 = {
			isa = PBXGroup;
			children = (
				900EFED2270600F0006FB291 /* Projeto-mini-ITI */,
				900EFED1270600F0006FB291 /* Products */,
			);
			sourceTree = "<group>";
		};
		900EFED1270600F0006FB291 /* Products */ = {
			isa = PBXGroup;
			children = (
				900EFED0270600F0006FB291 /* Projeto-mini-ITI */,
			);
			name = Products;
			sourceTree = "<group>";
		};
		900EFED2270600F0006FB291 /* Projeto-mini-ITI */ = {
			isa = PBXGroup;
			children = (
				90678653270A2FA9000A3CAA /* DB */,
				90225F132708BD67003E9E9B /* AccountMenu */,
				900EFEEB27079EDA006FB291 /* NewUserView */,
				900EFEE8270793AF006FB291 /* HomeView */,
				900EFEE727075CC9006FB291 /* Models */,
				900EFEE62707583A006FB291 /* MainMenuOptions */,
				900EFED3270600F0006FB291 /* main.swift */,
			);
			path = "Projeto-mini-ITI";
			sourceTree = "<group>";
		};
		900EFEE62707583A006FB291 /* MainMenuOptions */ = {
			isa = PBXGroup;
			children = (
			);
			path = MainMenuOptions;
			sourceTree = "<group>";
		};
		900EFEE727075CC9006FB291 /* Models */ = {
			isa = PBXGroup;
			children = (
				900EFEE02706339F006FB291 /* Account.swift */,
				90225F0F2708AA6C003E9E9B /* UserForm.swift */,
				90225F112708AAA6003E9E9B /* UserModel.swift */,
				900EFEDE27062A4B006FB291 /* User.swift */,
			);
			path = Models;
			sourceTree = "<group>";
		};
		900EFEE8270793AF006FB291 /* HomeView */ = {
			isa = PBXGroup;
			children = (
				900EFEE9270793BD006FB291 /* HomeView.swift */,
				900EFEEC2707D9FD006FB291 /* HomeViewController.swift */,
			);
			path = HomeView;
			sourceTree = "<group>";
		};
		900EFEEB27079EDA006FB291 /* NewUserView */ = {
			isa = PBXGroup;
			children = (
				900EFEDC27062A3C006FB291 /* NewUserController.swift */,
				900EFEEE2707DC2C006FB291 /* NewUserView.swift */,
			);
			path = NewUserView;
			sourceTree = "<group>";
		};
		90225F132708BD67003E9E9B /* AccountMenu */ = {
			isa = PBXGroup;
			children = (
				90225F142708BD7D003E9E9B /* LoggedUserMenuView.swift */,
				90678657270A3469000A3CAA /* LoggedUserMenuController.swift */,
			);
			path = AccountMenu;
			sourceTree = "<group>";
		};
		90678653270A2FA9000A3CAA /* DB */ = {
			isa = PBXGroup;
			children = (
				90678655270A2FBE000A3CAA /* Database.swift */,
			);
			path = DB;
			sourceTree = "<group>";
		};
/* End PBXGroup section */

/* Begin PBXNativeTarget section */
		900EFECF270600F0006FB291 /* Projeto-mini-ITI */ = {
			isa = PBXNativeTarget;
			buildConfigurationList = 900EFED7270600F0006FB291 /* Build configuration list for PBXNativeTarget "Projeto-mini-ITI" */;
			buildPhases = (
				900EFECC270600F0006FB291 /* Sources */,
				900EFECD270600F0006FB291 /* Frameworks */,
				900EFECE270600F0006FB291 /* CopyFiles */,
			);
			buildRules = (
			);
			dependencies = (
			);
			name = "Projeto-mini-ITI";
			productName = "Projeto-mini-ITI";
			productReference = 900EFED0270600F0006FB291 /* Projeto-mini-ITI */;
			productType = "com.apple.product-type.tool";
		};
/* End PBXNativeTarget section */

/* Begin PBXProject section */
		900EFEC8270600F0006FB291 /* Project object */ = {
			isa = PBXProject;
			attributes = {
				LastSwiftUpdateCheck = 1250;
				LastUpgradeCheck = 1250;
				TargetAttributes = {
					900EFECF270600F0006FB291 = {
						CreatedOnToolsVersion = 12.5.1;
					};
				};
			};
			buildConfigurationList = 900EFECB270600F0006FB291 /* Build configuration list for PBXProject "Projeto-mini-ITI" */;
			compatibilityVersion = "Xcode 9.3";
			developmentRegion = en;
			hasScannedForEncodings = 0;
			knownRegions = (
				en,
				Base,
			);
			mainGroup = 900EFEC7270600F0006FB291;
			productRefGroup = 900EFED1270600F0006FB291 /* Products */;
			projectDirPath = "";
			projectRoot = "";
			targets = (
				900EFECF270600F0006FB291 /* Projeto-mini-ITI */,
			);
		};
/* End PBXProject section */

/* Begin PBXSourcesBuildPhase section */
		900EFECC270600F0006FB291 /* Sources */ = {
			isa = PBXSourcesBuildPhase;
			buildActionMask = 2147483647;
			files = (
				900EFEE12706339F006FB291 /* Account.swift in Sources */,
				90225F152708BD7D003E9E9B /* LoggedUserMenuView.swift in Sources */,
				90678656270A2FBE000A3CAA /* Database.swift in Sources */,
				900EFEDF27062A4B006FB291 /* User.swift in Sources */,
				900EFEEA270793BD006FB291 /* HomeView.swift in Sources */,
				900EFEDD27062A3C006FB291 /* NewUserController.swift in Sources */,
				900EFEED2707D9FD006FB291 /* HomeViewController.swift in Sources */,
				900EFED4270600F0006FB291 /* main.swift in Sources */,
				900EFEEF2707DC2C006FB291 /* NewUserView.swift in Sources */,
				90678658270A3469000A3CAA /* LoggedUserMenuController.swift in Sources */,
				90225F102708AA6C003E9E9B /* UserForm.swift in Sources */,
				90225F122708AAA6003E9E9B /* UserModel.swift in Sources */,
			);
			runOnlyForDeploymentPostprocessing = 0;
		};
/* End PBXSourcesBuildPhase section */

/* Begin XCBuildConfiguration section */
		900EFED5270600F0006FB291 /* Debug */ = {
			isa = XCBuildConfiguration;
			buildSettings = {
				ALWAYS_SEARCH_USER_PATHS = NO;
				CLANG_ANALYZER_NONNULL = YES;
				CLANG_ANALYZER_NUMBER_OBJECT_CONVERSION = YES_AGGRESSIVE;
				CLANG_CXX_LANGUAGE_STANDARD = "gnu++14";
				CLANG_CXX_LIBRARY = "libc++";
				CLANG_ENABLE_MODULES = YES;
				CLANG_ENABLE_OBJC_ARC = YES;
				CLANG_ENABLE_OBJC_WEAK = YES;
				CLANG_WARN_BLOCK_CAPTURE_AUTORELEASING = YES;
				CLANG_WARN_BOOL_CONVERSION = YES;
				CLANG_WARN_COMMA = YES;
				CLANG_WARN_CONSTANT_CONVERSION = YES;
				CLANG_WARN_DEPRECATED_OBJC_IMPLEMENTATIONS = YES;
				CLANG_WARN_DIRECT_OBJC_ISA_USAGE = YES_ERROR;
				CLANG_WARN_DOCUMENTATION_COMMENTS = YES;
				CLANG_WARN_EMPTY_BODY = YES;
				CLANG_WARN_ENUM_CONVERSION = YES;
				CLANG_WARN_INFINITE_RECURSION = YES;
				CLANG_WARN_INT_CONVERSION = YES;
				CLANG_WARN_NON_LITERAL_NULL_CONVERSION = YES;
				CLANG_WARN_OBJC_IMPLICIT_RETAIN_SELF = YES;
				CLANG_WARN_OBJC_LITERAL_CONVERSION = YES;
				CLANG_WARN_OBJC_ROOT_CLASS = YES_ERROR;
				CLANG_WARN_QUOTED_INCLUDE_IN_FRAMEWORK_HEADER = YES;
				CLANG_WARN_RANGE_LOOP_ANALYSIS = YES;
				CLANG_WARN_STRICT_PROTOTYPES = YES;
				CLANG_WARN_SUSPICIOUS_MOVE = YES;
				CLANG_WARN_UNGUARDED_AVAILABILITY = YES_AGGRESSIVE;
				CLANG_WARN_UNREACHABLE_CODE = YES;
				CLANG_WARN__DUPLICATE_METHOD_MATCH = YES;
				COPY_PHASE_STRIP = NO;
				DEBUG_INFORMATION_FORMAT = dwarf;
				ENABLE_STRICT_OBJC_MSGSEND = YES;
				ENABLE_TESTABILITY = YES;
				GCC_C_LANGUAGE_STANDARD = gnu11;
				GCC_DYNAMIC_NO_PIC = NO;
				GCC_NO_COMMON_BLOCKS = YES;
				GCC_OPTIMIZATION_LEVEL = 0;
				GCC_PREPROCESSOR_DEFINITIONS = (
					"DEBUG=1",
					"$(inherited)",
				);
				GCC_WARN_64_TO_32_BIT_CONVERSION = YES;
				GCC_WARN_ABOUT_RETURN_TYPE = YES_ERROR;
				GCC_WARN_UNDECLARED_SELECTOR = YES;
				GCC_WARN_UNINITIALIZED_AUTOS = YES_AGGRESSIVE;
				GCC_WARN_UNUSED_FUNCTION = YES;
				GCC_WARN_UNUSED_VARIABLE = YES;
				MACOSX_DEPLOYMENT_TARGET = 11.2;
				MTL_ENABLE_DEBUG_INFO = INCLUDE_SOURCE;
				MTL_FAST_MATH = YES;
				ONLY_ACTIVE_ARCH = YES;
				SDKROOT = macosx;
				SWIFT_ACTIVE_COMPILATION_CONDITIONS = DEBUG;
				SWIFT_OPTIMIZATION_LEVEL = "-Onone";
			};
			name = Debug;
		};
		900EFED6270600F0006FB291 /* Release */ = {
			isa = XCBuildConfiguration;
			buildSettings = {
				ALWAYS_SEARCH_USER_PATHS = NO;
				CLANG_ANALYZER_NONNULL = YES;
				CLANG_ANALYZER_NUMBER_OBJECT_CONVERSION = YES_AGGRESSIVE;
				CLANG_CXX_LANGUAGE_STANDARD = "gnu++14";
				CLANG_CXX_LIBRARY = "libc++";
				CLANG_ENABLE_MODULES = YES;
				CLANG_ENABLE_OBJC_ARC = YES;
				CLANG_ENABLE_OBJC_WEAK = YES;
				CLANG_WARN_BLOCK_CAPTURE_AUTORELEASING = YES;
				CLANG_WARN_BOOL_CONVERSION = YES;
				CLANG_WARN_COMMA = YES;
				CLANG_WARN_CONSTANT_CONVERSION = YES;
				CLANG_WARN_DEPRECATED_OBJC_IMPLEMENTATIONS = YES;
				CLANG_WARN_DIRECT_OBJC_ISA_USAGE = YES_ERROR;
				CLANG_WARN_DOCUMENTATION_COMMENTS = YES;
				CLANG_WARN_EMPTY_BODY = YES;
				CLANG_WARN_ENUM_CONVERSION = YES;
				CLANG_WARN_INFINITE_RECURSION = YES;
				CLANG_WARN_INT_CONVERSION = YES;
				CLANG_WARN_NON_LITERAL_NULL_CONVERSION = YES;
				CLANG_WARN_OBJC_IMPLICIT_RETAIN_SELF = YES;
				CLANG_WARN_OBJC_LITERAL_CONVERSION = YES;
				CLANG_WARN_OBJC_ROOT_CLASS = YES_ERROR;
				CLANG_WARN_QUOTED_INCLUDE_IN_FRAMEWORK_HEADER = YES;
				CLANG_WARN_RANGE_LOOP_ANALYSIS = YES;
				CLANG_WARN_STRICT_PROTOTYPES = YES;
				CLANG_WARN_SUSPICIOUS_MOVE = YES;
				CLANG_WARN_UNGUARDED_AVAILABILITY = YES_AGGRESSIVE;
				CLANG_WARN_UNREACHABLE_CODE = YES;
				CLANG_WARN__DUPLICATE_METHOD_MATCH = YES;
				COPY_PHASE_STRIP = NO;
				DEBUG_INFORMATION_FORMAT = "dwarf-with-dsym";
				ENABLE_NS_ASSERTIONS = NO;
				ENABLE_STRICT_OBJC_MSGSEND = YES;
				GCC_C_LANGUAGE_STANDARD = gnu11;
				GCC_NO_COMMON_BLOCKS = YES;
				GCC_WARN_64_TO_32_BIT_CONVERSION = YES;
				GCC_WARN_ABOUT_RETURN_TYPE = YES_ERROR;
				GCC_WARN_UNDECLARED_SELECTOR = YES;
				GCC_WARN_UNINITIALIZED_AUTOS = YES_AGGRESSIVE;
				GCC_WARN_UNUSED_FUNCTION = YES;
				GCC_WARN_UNUSED_VARIABLE = YES;
				MACOSX_DEPLOYMENT_TARGET = 11.2;
				MTL_ENABLE_DEBUG_INFO = NO;
				MTL_FAST_MATH = YES;
				SDKROOT = macosx;
				SWIFT_COMPILATION_MODE = wholemodule;
				SWIFT_OPTIMIZATION_LEVEL = "-O";
			};
			name = Release;
		};
		900EFED8270600F0006FB291 /* Debug */ = {
			isa = XCBuildConfiguration;
			buildSettings = {
				CODE_SIGN_STYLE = Automatic;
				DEVELOPMENT_TEAM = JLPWKDZNM7;
				ENABLE_HARDENED_RUNTIME = YES;
				MACOSX_DEPLOYMENT_TARGET = 11.0;
				PRODUCT_NAME = "$(TARGET_NAME)";
				SWIFT_VERSION = 5.0;
			};
			name = Debug;
		};
		900EFED9270600F0006FB291 /* Release */ = {
			isa = XCBuildConfiguration;
			buildSettings = {
				CODE_SIGN_STYLE = Automatic;
				DEVELOPMENT_TEAM = JLPWKDZNM7;
				ENABLE_HARDENED_RUNTIME = YES;
				MACOSX_DEPLOYMENT_TARGET = 11.0;
				PRODUCT_NAME = "$(TARGET_NAME)";
				SWIFT_VERSION = 5.0;
			};
			name = Release;
		};
/* End XCBuildConfiguration section */

/* Begin XCConfigurationList section */
		900EFECB270600F0006FB291 /* Build configuration list for PBXProject "Projeto-mini-ITI" */ = {
			isa = XCConfigurationList;
			buildConfigurations = (
				900EFED5270600F0006FB291 /* Debug */,
				900EFED6270600F0006FB291 /* Release */,
			);
			defaultConfigurationIsVisible = 0;
			defaultConfigurationName = Release;
		};
		900EFED7270600F0006FB291 /* Build configuration list for PBXNativeTarget "Projeto-mini-ITI" */ = {
			isa = XCConfigurationList;
			buildConfigurations = (
				900EFED8270600F0006FB291 /* Debug */,
				900EFED9270600F0006FB291 /* Release */,
			);
			defaultConfigurationIsVisible = 0;
			defaultConfigurationName = Release;
		};
/* End XCConfigurationList section */
	};
	rootObject = 900EFEC8270600F0006FB291 /* Project object */;
}
